PODS:
  - Realm (10.11.0):
    - Realm/Headers (= 10.11.0)
  - Realm/Headers (10.11.0)
  - RealmSwift (10.11.0):
    - Realm (= 10.11.0)
  - SDWebImage (5.11.1):
    - SDWebImage/Core (= 5.11.1)
  - SDWebImage/Core (5.11.1)

DEPENDENCIES:
  - RealmSwift
  - SDWebImage

SPEC REPOS:
  trunk:
    - Realm
    - RealmSwift
    - SDWebImage

SPEC CHECKSUMS:
  Realm: 39ff23f0f709cd4ed93eb47ee6593c2158945b38
  RealmSwift: 42713e09a8631070d6c12c3c5fb22b8edc1daa41
  SDWebImage: a7f831e1a65eb5e285e3fb046a23fcfbf08e696d

PODFILE CHECKSUM: 74e8926418220cd6f0e7195558b00e0d52efafc3

COCOAPODS: 1.10.1
