// !$*UTF8*$!
{
	archiveVersion = 1;
	classes = {
	};
	objectVersion = 50;
	objects = {

/* Begin PBXBuildFile section */
		EAD4F58B26A73C900057DF32 /* AppDelegate.swift in Sources */ = {isa = PBXBuildFile; fileRef = EAD4F58A26A73C900057DF32 /* AppDelegate.swift */; };
		EAD4F58D26A73C900057DF32 /* SceneDelegate.swift in Sources */ = {isa = PBXBuildFile; fileRef = EAD4F58C26A73C900057DF32 /* SceneDelegate.swift */; };
		EAD4F58F26A73C900057DF32 /* HomeViewController.swift in Sources */ = {isa = PBXBuildFile; fileRef = EAD4F58E26A73C900057DF32 /* HomeViewController.swift */; };
		EAD4F59226A73C900057DF32 /* Main.storyboard in Resources */ = {isa = PBXBuildFile; fileRef = EAD4F59026A73C900057DF32 /* Main.storyboard */; };
		EAD4F59426A73C910057DF32 /* Assets.xcassets in Resources */ = {isa = PBXBuildFile; fileRef = EAD4F59326A73C910057DF32 /* Assets.xcassets */; };
		EAD4F59726A73C910057DF32 /* LaunchScreen.storyboard in Resources */ = {isa = PBXBuildFile; fileRef = EAD4F59526A73C910057DF32 /* LaunchScreen.storyboard */; };
		EAD4F5A226A73C920057DF32 /* StopwatchTests.swift in Sources */ = {isa = PBXBuildFile; fileRef = EAD4F5A126A73C920057DF32 /* StopwatchTests.swift */; };
		EAD4F5AD26A73C920057DF32 /* StopwatchUITests.swift in Sources */ = {isa = PBXBuildFile; fileRef = EAD4F5AC26A73C920057DF32 /* StopwatchUITests.swift */; };
		EAD4F5BE26A73E8E0057DF32 /* RoundTabBar.swift in Sources */ = {isa = PBXBuildFile; fileRef = EAD4F5BD26A73E8E0057DF32 /* RoundTabBar.swift */; };
		EAD4F5C026A742060057DF32 /* RoundTabBarControllerViewController.swift in Sources */ = {isa = PBXBuildFile; fileRef = EAD4F5BF26A742060057DF32 /* RoundTabBarControllerViewController.swift */; };
/* End PBXBuildFile section */

/* Begin PBXContainerItemProxy section */
		EAD4F59E26A73C920057DF32 /* PBXContainerItemProxy */ = {
			isa = PBXContainerItemProxy;
			containerPortal = EAD4F57F26A73C900057DF32 /* Project object */;
			proxyType = 1;
			remoteGlobalIDString = EAD4F58626A73C900057DF32;
			remoteInfo = Stopwatch;
		};
		EAD4F5A926A73C920057DF32 /* PBXContainerItemProxy */ = {
			isa = PBXContainerItemProxy;
			containerPortal = EAD4F57F26A73C900057DF32 /* Project object */;
			proxyType = 1;
			remoteGlobalIDString = EAD4F58626A73C900057DF32;
			remoteInfo = Stopwatch;
		};
/* End PBXContainerItemProxy section */

/* Begin PBXFileReference section */
		EAD4F58726A73C900057DF32 /* Stopwatch.app */ = {isa = PBXFileReference; explicitFileType = wrapper.application; includeInIndex = 0; path = Stopwatch.app; sourceTree = BUILT_PRODUCTS_DIR; };
		EAD4F58A26A73C900057DF32 /* AppDelegate.swift */ = {isa = PBXFileReference; lastKnownFileType = sourcecode.swift; path = AppDelegate.swift; sourceTree = "<group>"; };
		EAD4F58C26A73C900057DF32 /* SceneDelegate.swift */ = {isa = PBXFileReference; lastKnownFileType = sourcecode.swift; path = SceneDelegate.swift; sourceTree = "<group>"; };
		EAD4F58E26A73C900057DF32 /* HomeViewController.swift */ = {isa = PBXFileReference; lastKnownFileType = sourcecode.swift; path = HomeViewController.swift; sourceTree = "<group>"; };
		EAD4F59126A73C900057DF32 /* Base */ = {isa = PBXFileReference; lastKnownFileType = file.storyboard; name = Base; path = Base.lproj/Main.storyboard; sourceTree = "<group>"; };
		EAD4F59326A73C910057DF32 /* Assets.xcassets */ = {isa = PBXFileReference; lastKnownFileType = folder.assetcatalog; path = Assets.xcassets; sourceTree = "<group>"; };
		EAD4F59626A73C910057DF32 /* Base */ = {isa = PBXFileReference; lastKnownFileType = file.storyboard; name = Base; path = Base.lproj/LaunchScreen.storyboard; sourceTree = "<group>"; };
		EAD4F59826A73C910057DF32 /* Info.plist */ = {isa = PBXFileReference; lastKnownFileType = text.plist.xml; path = Info.plist; sourceTree = "<group>"; };
		EAD4F59D26A73C920057DF32 /* StopwatchTests.xctest */ = {isa = PBXFileReference; explicitFileType = wrapper.cfbundle; includeInIndex = 0; path = StopwatchTests.xctest; sourceTree = BUILT_PRODUCTS_DIR; };
		EAD4F5A126A73C920057DF32 /* StopwatchTests.swift */ = {isa = PBXFileReference; lastKnownFileType = sourcecode.swift; path = StopwatchTests.swift; sourceTree = "<group>"; };
		EAD4F5A326A73C920057DF32 /* Info.plist */ = {isa = PBXFileReference; lastKnownFileType = text.plist.xml; path = Info.plist; sourceTree = "<group>"; };
		EAD4F5A826A73C920057DF32 /* StopwatchUITests.xctest */ = {isa = PBXFileReference; explicitFileType = wrapper.cfbundle; includeInIndex = 0; path = StopwatchUITests.xctest; sourceTree = BUILT_PRODUCTS_DIR; };
		EAD4F5AC26A73C920057DF32 /* StopwatchUITests.swift */ = {isa = PBXFileReference; lastKnownFileType = sourcecode.swift; path = StopwatchUITests.swift; sourceTree = "<group>"; };
		EAD4F5AE26A73C920057DF32 /* Info.plist */ = {isa = PBXFileReference; lastKnownFileType = text.plist.xml; path = Info.plist; sourceTree = "<group>"; };
		EAD4F5BD26A73E8E0057DF32 /* RoundTabBar.swift */ = {isa = PBXFileReference; lastKnownFileType = sourcecode.swift; path = RoundTabBar.swift; sourceTree = "<group>"; };
		EAD4F5BF26A742060057DF32 /* RoundTabBarControllerViewController.swift */ = {isa = PBXFileReference; lastKnownFileType = sourcecode.swift; path = RoundTabBarControllerViewController.swift; sourceTree = "<group>"; };
/* End PBXFileReference section */

/* Begin PBXFrameworksBuildPhase section */
		EAD4F58426A73C900057DF32 /* Frameworks */ = {
			isa = PBXFrameworksBuildPhase;
			buildActionMask = 2147483647;
			files = (
			);
			runOnlyForDeploymentPostprocessing = 0;
		};
		EAD4F59A26A73C920057DF32 /* Frameworks */ = {
			isa = PBXFrameworksBuildPhase;
			buildActionMask = 2147483647;
			files = (
			);
			runOnlyForDeploymentPostprocessing = 0;
		};
		EAD4F5A526A73C920057DF32 /* Frameworks */ = {
			isa = PBXFrameworksBuildPhase;
			buildActionMask = 2147483647;
			files = (
			);
			runOnlyForDeploymentPostprocessing = 0;
		};
/* End PBXFrameworksBuildPhase section */

/* Begin PBXGroup section */
		EAD4F57E26A73C900057DF32 = {
			isa = PBXGroup;
			children = (
				EAD4F58926A73C900057DF32 /* Stopwatch */,
				EAD4F5A026A73C920057DF32 /* StopwatchTests */,
				EAD4F5AB26A73C920057DF32 /* StopwatchUITests */,
				EAD4F58826A73C900057DF32 /* Products */,
			);
			sourceTree = "<group>";
		};
		EAD4F58826A73C900057DF32 /* Products */ = {
			isa = PBXGroup;
			children = (
				EAD4F58726A73C900057DF32 /* Stopwatch.app */,
				EAD4F59D26A73C920057DF32 /* StopwatchTests.xctest */,
				EAD4F5A826A73C920057DF32 /* StopwatchUITests.xctest */,
			);
			name = Products;
			sourceTree = "<group>";
		};
		EAD4F58926A73C900057DF32 /* Stopwatch */ = {
			isa = PBXGroup;
			children = (
				EAD4F5BA26A73D690057DF32 /* Model */,
				EAD4F5BB26A73D6D0057DF32 /* View */,
				EAD4F5BC26A73D720057DF32 /* Controller */,
				EAD4F58A26A73C900057DF32 /* AppDelegate.swift */,
				EAD4F58C26A73C900057DF32 /* SceneDelegate.swift */,
				EAD4F59326A73C910057DF32 /* Assets.xcassets */,
				EAD4F59526A73C910057DF32 /* LaunchScreen.storyboard */,
				EAD4F59826A73C910057DF32 /* Info.plist */,
			);
			path = Stopwatch;
			sourceTree = "<group>";
		};
		EAD4F5A026A73C920057DF32 /* StopwatchTests */ = {
			isa = PBXGroup;
			children = (
				EAD4F5A126A73C920057DF32 /* StopwatchTests.swift */,
				EAD4F5A326A73C920057DF32 /* Info.plist */,
			);
			path = StopwatchTests;
			sourceTree = "<group>";
		};
		EAD4F5AB26A73C920057DF32 /* StopwatchUITests */ = {
			isa = PBXGroup;
			children = (
				EAD4F5AC26A73C920057DF32 /* StopwatchUITests.swift */,
				EAD4F5AE26A73C920057DF32 /* Info.plist */,
			);
			path = StopwatchUITests;
			sourceTree = "<group>";
		};
		EAD4F5BA26A73D690057DF32 /* Model */ = {
			isa = PBXGroup;
			children = (
				EAD4F5BD26A73E8E0057DF32 /* RoundTabBar.swift */,
				EAD4F5BF26A742060057DF32 /* RoundTabBarControllerViewController.swift */,
			);
			path = Model;
			sourceTree = "<group>";
		};
		EAD4F5BB26A73D6D0057DF32 /* View */ = {
			isa = PBXGroup;
			children = (
				EAD4F59026A73C900057DF32 /* Main.storyboard */,
			);
			path = View;
			sourceTree = "<group>";
		};
		EAD4F5BC26A73D720057DF32 /* Controller */ = {
			isa = PBXGroup;
			children = (
				EAD4F58E26A73C900057DF32 /* HomeViewController.swift */,
			);
			path = Controller;
			sourceTree = "<group>";
		};
/* End PBXGroup section */

/* Begin PBXNativeTarget section */
		EAD4F58626A73C900057DF32 /* Stopwatch */ = {
			isa = PBXNativeTarget;
			buildConfigurationList = EAD4F5B126A73C920057DF32 /* Build configuration list for PBXNativeTarget "Stopwatch" */;
			buildPhases = (
				EAD4F58326A73C900057DF32 /* Sources */,
				EAD4F58426A73C900057DF32 /* Frameworks */,
				EAD4F58526A73C900057DF32 /* Resources */,
			);
			buildRules = (
			);
			dependencies = (
			);
			name = Stopwatch;
			productName = Stopwatch;
			productReference = EAD4F58726A73C900057DF32 /* Stopwatch.app */;
			productType = "com.apple.product-type.application";
		};
		EAD4F59C26A73C920057DF32 /* StopwatchTests */ = {
			isa = PBXNativeTarget;
			buildConfigurationList = EAD4F5B426A73C920057DF32 /* Build configuration list for PBXNativeTarget "StopwatchTests" */;
			buildPhases = (
				EAD4F59926A73C920057DF32 /* Sources */,
				EAD4F59A26A73C920057DF32 /* Frameworks */,
				EAD4F59B26A73C920057DF32 /* Resources */,
			);
			buildRules = (
			);
			dependencies = (
				EAD4F59F26A73C920057DF32 /* PBXTargetDependency */,
			);
			name = StopwatchTests;
			productName = StopwatchTests;
			productReference = EAD4F59D26A73C920057DF32 /* StopwatchTests.xctest */;
			productType = "com.apple.product-type.bundle.unit-test";
		};
		EAD4F5A726A73C920057DF32 /* StopwatchUITests */ = {
			isa = PBXNativeTarget;
			buildConfigurationList = EAD4F5B726A73C920057DF32 /* Build configuration list for PBXNativeTarget "StopwatchUITests" */;
			buildPhases = (
				EAD4F5A426A73C920057DF32 /* Sources */,
				EAD4F5A526A73C920057DF32 /* Frameworks */,
				EAD4F5A626A73C920057DF32 /* Resources */,
			);
			buildRules = (
			);
			dependencies = (
				EAD4F5AA26A73C920057DF32 /* PBXTargetDependency */,
			);
			name = StopwatchUITests;
			productName = StopwatchUITests;
			productReference = EAD4F5A826A73C920057DF32 /* StopwatchUITests.xctest */;
			productType = "com.apple.product-type.bundle.ui-testing";
		};
/* End PBXNativeTarget section */

/* Begin PBXProject section */
		EAD4F57F26A73C900057DF32 /* Project object */ = {
			isa = PBXProject;
			attributes = {
				LastSwiftUpdateCheck = 1250;
				LastUpgradeCheck = 1250;
				TargetAttributes = {
					EAD4F58626A73C900057DF32 = {
						CreatedOnToolsVersion = 12.5.1;
					};
					EAD4F59C26A73C920057DF32 = {
						CreatedOnToolsVersion = 12.5.1;
						TestTargetID = EAD4F58626A73C900057DF32;
					};
					EAD4F5A726A73C920057DF32 = {
						CreatedOnToolsVersion = 12.5.1;
						TestTargetID = EAD4F58626A73C900057DF32;
					};
				};
			};
			buildConfigurationList = EAD4F58226A73C900057DF32 /* Build configuration list for PBXProject "Stopwatch" */;
			compatibilityVersion = "Xcode 9.3";
			developmentRegion = en;
			hasScannedForEncodings = 0;
			knownRegions = (
				en,
				Base,
			);
			mainGroup = EAD4F57E26A73C900057DF32;
			productRefGroup = EAD4F58826A73C900057DF32 /* Products */;
			projectDirPath = "";
			projectRoot = "";
			targets = (
				EAD4F58626A73C900057DF32 /* Stopwatch */,
				EAD4F59C26A73C920057DF32 /* StopwatchTests */,
				EAD4F5A726A73C920057DF32 /* StopwatchUITests */,
			);
		};
/* End PBXProject section */

/* Begin PBXResourcesBuildPhase section */
		EAD4F58526A73C900057DF32 /* Resources */ = {
			isa = PBXResourcesBuildPhase;
			buildActionMask = 2147483647;
			files = (
				EAD4F59726A73C910057DF32 /* LaunchScreen.storyboard in Resources */,
				EAD4F59426A73C910057DF32 /* Assets.xcassets in Resources */,
				EAD4F59226A73C900057DF32 /* Main.storyboard in Resources */,
			);
			runOnlyForDeploymentPostprocessing = 0;
		};
		EAD4F59B26A73C920057DF32 /* Resources */ = {
			isa = PBXResourcesBuildPhase;
			buildActionMask = 2147483647;
			files = (
			);
			runOnlyForDeploymentPostprocessing = 0;
		};
		EAD4F5A626A73C920057DF32 /* Resources */ = {
			isa = PBXResourcesBuildPhase;
			buildActionMask = 2147483647;
			files = (
			);
			runOnlyForDeploymentPostprocessing = 0;
		};
/* End PBXResourcesBuildPhase section */

/* Begin PBXSourcesBuildPhase section */
		EAD4F58326A73C900057DF32 /* Sources */ = {
			isa = PBXSourcesBuildPhase;
			buildActionMask = 2147483647;
			files = (
				EAD4F5BE26A73E8E0057DF32 /* RoundTabBar.swift in Sources */,
				EAD4F58F26A73C900057DF32 /* HomeViewController.swift in Sources */,
				EAD4F58B26A73C900057DF32 /* AppDelegate.swift in Sources */,
				EAD4F58D26A73C900057DF32 /* SceneDelegate.swift in Sources */,
				EAD4F5C026A742060057DF32 /* RoundTabBarControllerViewController.swift in Sources */,
			);
			runOnlyForDeploymentPostprocessing = 0;
		};
		EAD4F59926A73C920057DF32 /* Sources */ = {
			isa = PBXSourcesBuildPhase;
			buildActionMask = 2147483647;
			files = (
				EAD4F5A226A73C920057DF32 /* StopwatchTests.swift in Sources */,
			);
			runOnlyForDeploymentPostprocessing = 0;
		};
		EAD4F5A426A73C920057DF32 /* Sources */ = {
			isa = PBXSourcesBuildPhase;
			buildActionMask = 2147483647;
			files = (
				EAD4F5AD26A73C920057DF32 /* StopwatchUITests.swift in Sources */,
			);
			runOnlyForDeploymentPostprocessing = 0;
		};
/* End PBXSourcesBuildPhase section */

/* Begin PBXTargetDependency section */
		EAD4F59F26A73C920057DF32 /* PBXTargetDependency */ = {
			isa = PBXTargetDependency;
			target = EAD4F58626A73C900057DF32 /* Stopwatch */;
			targetProxy = EAD4F59E26A73C920057DF32 /* PBXContainerItemProxy */;
		};
		EAD4F5AA26A73C920057DF32 /* PBXTargetDependency */ = {
			isa = PBXTargetDependency;
			target = EAD4F58626A73C900057DF32 /* Stopwatch */;
			targetProxy = EAD4F5A926A73C920057DF32 /* PBXContainerItemProxy */;
		};
/* End PBXTargetDependency section */

/* Begin PBXVariantGroup section */
		EAD4F59026A73C900057DF32 /* Main.storyboard */ = {
			isa = PBXVariantGroup;
			children = (
				EAD4F59126A73C900057DF32 /* Base */,
			);
			name = Main.storyboard;
			sourceTree = "<group>";
		};
		EAD4F59526A73C910057DF32 /* LaunchScreen.storyboard */ = {
			isa = PBXVariantGroup;
			children = (
				EAD4F59626A73C910057DF32 /* Base */,
			);
			name = LaunchScreen.storyboard;
			sourceTree = "<group>";
		};
/* End PBXVariantGroup section */

/* Begin XCBuildConfiguration section */
		EAD4F5AF26A73C920057DF32 /* Debug */ = {
			isa = XCBuildConfiguration;
			buildSettings = {
				ALWAYS_SEARCH_USER_PATHS = NO;
				CLANG_ANALYZER_NONNULL = YES;
				CLANG_ANALYZER_NUMBER_OBJECT_CONVERSION = YES_AGGRESSIVE;
				CLANG_CXX_LANGUAGE_STANDARD = "gnu++14";
				CLANG_CXX_LIBRARY = "libc++";
				CLANG_ENABLE_MODULES = YES;
				CLANG_ENABLE_OBJC_ARC = YES;
				CLANG_ENABLE_OBJC_WEAK = YES;
				CLANG_WARN_BLOCK_CAPTURE_AUTORELEASING = YES;
				CLANG_WARN_BOOL_CONVERSION = YES;
				CLANG_WARN_COMMA = YES;
				CLANG_WARN_CONSTANT_CONVERSION = YES;
				CLANG_WARN_DEPRECATED_OBJC_IMPLEMENTATIONS = YES;
				CLANG_WARN_DIRECT_OBJC_ISA_USAGE = YES_ERROR;
				CLANG_WARN_DOCUMENTATION_COMMENTS = YES;
				CLANG_WARN_EMPTY_BODY = YES;
				CLANG_WARN_ENUM_CONVERSION = YES;
				CLANG_WARN_INFINITE_RECURSION = YES;
				CLANG_WARN_INT_CONVERSION = YES;
				CLANG_WARN_NON_LITERAL_NULL_CONVERSION = YES;
				CLANG_WARN_OBJC_IMPLICIT_RETAIN_SELF = YES;
				CLANG_WARN_OBJC_LITERAL_CONVERSION = YES;
				CLANG_WARN_OBJC_ROOT_CLASS = YES_ERROR;
				CLANG_WARN_QUOTED_INCLUDE_IN_FRAMEWORK_HEADER = YES;
				CLANG_WARN_RANGE_LOOP_ANALYSIS = YES;
				CLANG_WARN_STRICT_PROTOTYPES = YES;
				CLANG_WARN_SUSPICIOUS_MOVE = YES;
				CLANG_WARN_UNGUARDED_AVAILABILITY = YES_AGGRESSIVE;
				CLANG_WARN_UNREACHABLE_CODE = YES;
				CLANG_WARN__DUPLICATE_METHOD_MATCH = YES;
				COPY_PHASE_STRIP = NO;
				DEBUG_INFORMATION_FORMAT = dwarf;
				ENABLE_STRICT_OBJC_MSGSEND = YES;
				ENABLE_TESTABILITY = YES;
				GCC_C_LANGUAGE_STANDARD = gnu11;
				GCC_DYNAMIC_NO_PIC = NO;
				GCC_NO_COMMON_BLOCKS = YES;
				GCC_OPTIMIZATION_LEVEL = 0;
				GCC_PREPROCESSOR_DEFINITIONS = (
					"DEBUG=1",
					"$(inherited)",
				);
				GCC_WARN_64_TO_32_BIT_CONVERSION = YES;
				GCC_WARN_ABOUT_RETURN_TYPE = YES_ERROR;
				GCC_WARN_UNDECLARED_SELECTOR = YES;
				GCC_WARN_UNINITIALIZED_AUTOS = YES_AGGRESSIVE;
				GCC_WARN_UNUSED_FUNCTION = YES;
				GCC_WARN_UNUSED_VARIABLE = YES;
				IPHONEOS_DEPLOYMENT_TARGET = 14.5;
				MTL_ENABLE_DEBUG_INFO = INCLUDE_SOURCE;
				MTL_FAST_MATH = YES;
				ONLY_ACTIVE_ARCH = YES;
				SDKROOT = iphoneos;
				SWIFT_ACTIVE_COMPILATION_CONDITIONS = DEBUG;
				SWIFT_OPTIMIZATION_LEVEL = "-Onone";
			};
			name = Debug;
		};
		EAD4F5B026A73C920057DF32 /* Release */ = {
			isa = XCBuildConfiguration;
			buildSettings = {
				ALWAYS_SEARCH_USER_PATHS = NO;
				CLANG_ANALYZER_NONNULL = YES;
				CLANG_ANALYZER_NUMBER_OBJECT_CONVERSION = YES_AGGRESSIVE;
				CLANG_CXX_LANGUAGE_STANDARD = "gnu++14";
				CLANG_CXX_LIBRARY = "libc++";
				CLANG_ENABLE_MODULES = YES;
				CLANG_ENABLE_OBJC_ARC = YES;
				CLANG_ENABLE_OBJC_WEAK = YES;
				CLANG_WARN_BLOCK_CAPTURE_AUTORELEASING = YES;
				CLANG_WARN_BOOL_CONVERSION = YES;
				CLANG_WARN_COMMA = YES;
				CLANG_WARN_CONSTANT_CONVERSION = YES;
				CLANG_WARN_DEPRECATED_OBJC_IMPLEMENTATIONS = YES;
				CLANG_WARN_DIRECT_OBJC_ISA_USAGE = YES_ERROR;
				CLANG_WARN_DOCUMENTATION_COMMENTS = YES;
				CLANG_WARN_EMPTY_BODY = YES;
				CLANG_WARN_ENUM_CONVERSION = YES;
				CLANG_WARN_INFINITE_RECURSION = YES;
				CLANG_WARN_INT_CONVERSION = YES;
				CLANG_WARN_NON_LITERAL_NULL_CONVERSION = YES;
				CLANG_WARN_OBJC_IMPLICIT_RETAIN_SELF = YES;
				CLANG_WARN_OBJC_LITERAL_CONVERSION = YES;
				CLANG_WARN_OBJC_ROOT_CLASS = YES_ERROR;
				CLANG_WARN_QUOTED_INCLUDE_IN_FRAMEWORK_HEADER = YES;
				CLANG_WARN_RANGE_LOOP_ANALYSIS = YES;
				CLANG_WARN_STRICT_PROTOTYPES = YES;
				CLANG_WARN_SUSPICIOUS_MOVE = YES;
				CLANG_WARN_UNGUARDED_AVAILABILITY = YES_AGGRESSIVE;
				CLANG_WARN_UNREACHABLE_CODE = YES;
				CLANG_WARN__DUPLICATE_METHOD_MATCH = YES;
				COPY_PHASE_STRIP = NO;
				DEBUG_INFORMATION_FORMAT = "dwarf-with-dsym";
				ENABLE_NS_ASSERTIONS = NO;
				ENABLE_STRICT_OBJC_MSGSEND = YES;
				GCC_C_LANGUAGE_STANDARD = gnu11;
				GCC_NO_COMMON_BLOCKS = YES;
				GCC_WARN_64_TO_32_BIT_CONVERSION = YES;
				GCC_WARN_ABOUT_RETURN_TYPE = YES_ERROR;
				GCC_WARN_UNDECLARED_SELECTOR = YES;
				GCC_WARN_UNINITIALIZED_AUTOS = YES_AGGRESSIVE;
				GCC_WARN_UNUSED_FUNCTION = YES;
				GCC_WARN_UNUSED_VARIABLE = YES;
				IPHONEOS_DEPLOYMENT_TARGET = 14.5;
				MTL_ENABLE_DEBUG_INFO = NO;
				MTL_FAST_MATH = YES;
				SDKROOT = iphoneos;
				SWIFT_COMPILATION_MODE = wholemodule;
				SWIFT_OPTIMIZATION_LEVEL = "-O";
				VALIDATE_PRODUCT = YES;
			};
			name = Release;
		};
		EAD4F5B226A73C920057DF32 /* Debug */ = {
			isa = XCBuildConfiguration;
			buildSettings = {
				ASSETCATALOG_COMPILER_APPICON_NAME = AppIcon;
				ASSETCATALOG_COMPILER_GLOBAL_ACCENT_COLOR_NAME = AccentColor;
				CODE_SIGN_STYLE = Automatic;
				DEVELOPMENT_TEAM = QS42KTNBY3;
				INFOPLIST_FILE = Stopwatch/Info.plist;
				LD_RUNPATH_SEARCH_PATHS = (
					"$(inherited)",
					"@executable_path/Frameworks",
				);
				PRODUCT_BUNDLE_IDENTIFIER = com.marcovastolo.Stopwatch;
				PRODUCT_NAME = "$(TARGET_NAME)";
				SWIFT_VERSION = 5.0;
				TARGETED_DEVICE_FAMILY = "1,2";
			};
			name = Debug;
		};
		EAD4F5B326A73C920057DF32 /* Release */ = {
			isa = XCBuildConfiguration;
			buildSettings = {
				ASSETCATALOG_COMPILER_APPICON_NAME = AppIcon;
				ASSETCATALOG_COMPILER_GLOBAL_ACCENT_COLOR_NAME = AccentColor;
				CODE_SIGN_STYLE = Automatic;
				DEVELOPMENT_TEAM = QS42KTNBY3;
				INFOPLIST_FILE = Stopwatch/Info.plist;
				LD_RUNPATH_SEARCH_PATHS = (
					"$(inherited)",
					"@executable_path/Frameworks",
				);
				PRODUCT_BUNDLE_IDENTIFIER = com.marcovastolo.Stopwatch;
				PRODUCT_NAME = "$(TARGET_NAME)";
				SWIFT_VERSION = 5.0;
				TARGETED_DEVICE_FAMILY = "1,2";
			};
			name = Release;
		};
		EAD4F5B526A73C920057DF32 /* Debug */ = {
			isa = XCBuildConfiguration;
			buildSettings = {
				ALWAYS_EMBED_SWIFT_STANDARD_LIBRARIES = YES;
				BUNDLE_LOADER = "$(TEST_HOST)";
				CODE_SIGN_STYLE = Automatic;
				DEVELOPMENT_TEAM = QS42KTNBY3;
				INFOPLIST_FILE = StopwatchTests/Info.plist;
				IPHONEOS_DEPLOYMENT_TARGET = 14.5;
				LD_RUNPATH_SEARCH_PATHS = (
					"$(inherited)",
					"@executable_path/Frameworks",
					"@loader_path/Frameworks",
				);
				PRODUCT_BUNDLE_IDENTIFIER = com.marcovastolo.StopwatchTests;
				PRODUCT_NAME = "$(TARGET_NAME)";
				SWIFT_VERSION = 5.0;
				TARGETED_DEVICE_FAMILY = "1,2";
				TEST_HOST = "$(BUILT_PRODUCTS_DIR)/Stopwatch.app/Stopwatch";
			};
			name = Debug;
		};
		EAD4F5B626A73C920057DF32 /* Release */ = {
			isa = XCBuildConfiguration;
			buildSettings = {
				ALWAYS_EMBED_SWIFT_STANDARD_LIBRARIES = YES;
				BUNDLE_LOADER = "$(TEST_HOST)";
				CODE_SIGN_STYLE = Automatic;
				DEVELOPMENT_TEAM = QS42KTNBY3;
				INFOPLIST_FILE = StopwatchTests/Info.plist;
				IPHONEOS_DEPLOYMENT_TARGET = 14.5;
				LD_RUNPATH_SEARCH_PATHS = (
					"$(inherited)",
					"@executable_path/Frameworks",
					"@loader_path/Frameworks",
				);
				PRODUCT_BUNDLE_IDENTIFIER = com.marcovastolo.StopwatchTests;
				PRODUCT_NAME = "$(TARGET_NAME)";
				SWIFT_VERSION = 5.0;
				TARGETED_DEVICE_FAMILY = "1,2";
				TEST_HOST = "$(BUILT_PRODUCTS_DIR)/Stopwatch.app/Stopwatch";
			};
			name = Release;
		};
		EAD4F5B826A73C920057DF32 /* Debug */ = {
			isa = XCBuildConfiguration;
			buildSettings = {
				ALWAYS_EMBED_SWIFT_STANDARD_LIBRARIES = YES;
				CODE_SIGN_STYLE = Automatic;
				DEVELOPMENT_TEAM = QS42KTNBY3;
				INFOPLIST_FILE = StopwatchUITests/Info.plist;
				LD_RUNPATH_SEARCH_PATHS = (
					"$(inherited)",
					"@executable_path/Frameworks",
					"@loader_path/Frameworks",
				);
				PRODUCT_BUNDLE_IDENTIFIER = com.marcovastolo.StopwatchUITests;
				PRODUCT_NAME = "$(TARGET_NAME)";
				SWIFT_VERSION = 5.0;
				TARGETED_DEVICE_FAMILY = "1,2";
				TEST_TARGET_NAME = Stopwatch;
			};
			name = Debug;
		};
		EAD4F5B926A73C920057DF32 /* Release */ = {
			isa = XCBuildConfiguration;
			buildSettings = {
				ALWAYS_EMBED_SWIFT_STANDARD_LIBRARIES = YES;
				CODE_SIGN_STYLE = Automatic;
				DEVELOPMENT_TEAM = QS42KTNBY3;
				INFOPLIST_FILE = StopwatchUITests/Info.plist;
				LD_RUNPATH_SEARCH_PATHS = (
					"$(inherited)",
					"@executable_path/Frameworks",
					"@loader_path/Frameworks",
				);
				PRODUCT_BUNDLE_IDENTIFIER = com.marcovastolo.StopwatchUITests;
				PRODUCT_NAME = "$(TARGET_NAME)";
				SWIFT_VERSION = 5.0;
				TARGETED_DEVICE_FAMILY = "1,2";
				TEST_TARGET_NAME = Stopwatch;
			};
			name = Release;
		};
/* End XCBuildConfiguration section */

/* Begin XCConfigurationList section */
		EAD4F58226A73C900057DF32 /* Build configuration list for PBXProject "Stopwatch" */ = {
			isa = XCConfigurationList;
			buildConfigurations = (
				EAD4F5AF26A73C920057DF32 /* Debug */,
				EAD4F5B026A73C920057DF32 /* Release */,
			);
			defaultConfigurationIsVisible = 0;
			defaultConfigurationName = Release;
		};
		EAD4F5B126A73C920057DF32 /* Build configuration list for PBXNativeTarget "Stopwatch" */ = {
			isa = XCConfigurationList;
			buildConfigurations = (
				EAD4F5B226A73C920057DF32 /* Debug */,
				EAD4F5B326A73C920057DF32 /* Release */,
			);
			defaultConfigurationIsVisible = 0;
			defaultConfigurationName = Release;
		};
		EAD4F5B426A73C920057DF32 /* Build configuration list for PBXNativeTarget "StopwatchTests" */ = {
			isa = XCConfigurationList;
			buildConfigurations = (
				EAD4F5B526A73C920057DF32 /* Debug */,
				EAD4F5B626A73C920057DF32 /* Release */,
			);
			defaultConfigurationIsVisible = 0;
			defaultConfigurationName = Release;
		};
		EAD4F5B726A73C920057DF32 /* Build configuration list for PBXNativeTarget "StopwatchUITests" */ = {
			isa = XCConfigurationList;
			buildConfigurations = (
				EAD4F5B826A73C920057DF32 /* Debug */,
				EAD4F5B926A73C920057DF32 /* Release */,
			);
			defaultConfigurationIsVisible = 0;
			defaultConfigurationName = Release;
		};
/* End XCConfigurationList section */
	};
	rootObject = EAD4F57F26A73C900057DF32 /* Project object */;
}
