// !$*UTF8*$!
{
	archiveVersion = 1;
	classes = {
	};
	objectVersion = 51;
	objects = {

/* Begin PBXBuildFile section */
		7E562E12821F230A8BB58F49 /* Pods_StopwatchTests.framework in Frameworks */ = {isa = PBXBuildFile; fileRef = 312432BCE10406F002676600 /* Pods_StopwatchTests.framework */; };
		B3269584A24A2C0CD809FB58 /* Pods_Stopwatch.framework in Frameworks */ = {isa = PBXBuildFile; fileRef = 9C4D71F92545D51A4277708B /* Pods_Stopwatch.framework */; };
		D707006B458CE7E74E2C529F /* Pods_Stopwatch_StopwatchUITests.framework in Frameworks */ = {isa = PBXBuildFile; fileRef = 7E0C636790F7F813CD2F8950 /* Pods_Stopwatch_StopwatchUITests.framework */; };
		EA110C3926AC725C00B97715 /* LeaderTVCell.swift in Sources */ = {isa = PBXBuildFile; fileRef = EA110C3726AC725C00B97715 /* LeaderTVCell.swift */; };
		EA110C3A26AC725C00B97715 /* LeaderTVCell.xib in Resources */ = {isa = PBXBuildFile; fileRef = EA110C3826AC725C00B97715 /* LeaderTVCell.xib */; };
		EA18667C26AA10A800616800 /* LapTVCell.swift in Sources */ = {isa = PBXBuildFile; fileRef = EA18667A26AA10A800616800 /* LapTVCell.swift */; };
		EA18667D26AA10A800616800 /* LapTVCell.xib in Resources */ = {isa = PBXBuildFile; fileRef = EA18667B26AA10A800616800 /* LapTVCell.xib */; };
		EA6BC23826AAE195000B8075 /* Lap.swift in Sources */ = {isa = PBXBuildFile; fileRef = EA6BC23726AAE195000B8075 /* Lap.swift */; };
		EA82E15726A83F7E000F1797 /* Extensions.swift in Sources */ = {isa = PBXBuildFile; fileRef = EA82E15626A83F7E000F1797 /* Extensions.swift */; };
		EA82E15926A83FDC000F1797 /* LeaderboardViewController.swift in Sources */ = {isa = PBXBuildFile; fileRef = EA82E15826A83FDC000F1797 /* LeaderboardViewController.swift */; };
		EA82E15B26A84D1C000F1797 /* SettingsViewController.swift in Sources */ = {isa = PBXBuildFile; fileRef = EA82E15A26A84D1C000F1797 /* SettingsViewController.swift */; };
		EAA7ACD226AC4C58008619BC /* RealmManager.swift in Sources */ = {isa = PBXBuildFile; fileRef = EAA7ACD126AC4C58008619BC /* RealmManager.swift */; };
		EAA7ACD426AC5193008619BC /* SortPresentationPopView.swift in Sources */ = {isa = PBXBuildFile; fileRef = EAA7ACD326AC5193008619BC /* SortPresentationPopView.swift */; };
		EAA7ACD626AC564B008619BC /* SortView.xib in Resources */ = {isa = PBXBuildFile; fileRef = EAA7ACD526AC564B008619BC /* SortView.xib */; };
		EAA7ACD826AC56FB008619BC /* SortViewController.swift in Sources */ = {isa = PBXBuildFile; fileRef = EAA7ACD726AC56FB008619BC /* SortViewController.swift */; };
		EAA7ACDA26AC6962008619BC /* PlayerRealm.swift in Sources */ = {isa = PBXBuildFile; fileRef = EAA7ACD926AC6962008619BC /* PlayerRealm.swift */; };
		EAD4F58B26A73C900057DF32 /* AppDelegate.swift in Sources */ = {isa = PBXBuildFile; fileRef = EAD4F58A26A73C900057DF32 /* AppDelegate.swift */; };
		EAD4F58D26A73C900057DF32 /* SceneDelegate.swift in Sources */ = {isa = PBXBuildFile; fileRef = EAD4F58C26A73C900057DF32 /* SceneDelegate.swift */; };
		EAD4F58F26A73C900057DF32 /* HomeViewController.swift in Sources */ = {isa = PBXBuildFile; fileRef = EAD4F58E26A73C900057DF32 /* HomeViewController.swift */; };
		EAD4F59226A73C900057DF32 /* Main.storyboard in Resources */ = {isa = PBXBuildFile; fileRef = EAD4F59026A73C900057DF32 /* Main.storyboard */; };
		EAD4F59426A73C910057DF32 /* Assets.xcassets in Resources */ = {isa = PBXBuildFile; fileRef = EAD4F59326A73C910057DF32 /* Assets.xcassets */; };
		EAD4F59726A73C910057DF32 /* LaunchScreen.storyboard in Resources */ = {isa = PBXBuildFile; fileRef = EAD4F59526A73C910057DF32 /* LaunchScreen.storyboard */; };
		EAD4F5A226A73C920057DF32 /* StopwatchTests.swift in Sources */ = {isa = PBXBuildFile; fileRef = EAD4F5A126A73C920057DF32 /* StopwatchTests.swift */; };
		EAD4F5AD26A73C920057DF32 /* StopwatchUITests.swift in Sources */ = {isa = PBXBuildFile; fileRef = EAD4F5AC26A73C920057DF32 /* StopwatchUITests.swift */; };
		EAD4F5BE26A73E8E0057DF32 /* RoundTabBar.swift in Sources */ = {isa = PBXBuildFile; fileRef = EAD4F5BD26A73E8E0057DF32 /* RoundTabBar.swift */; };
		EAD4F5C026A742060057DF32 /* RoundTabBarControllerViewController.swift in Sources */ = {isa = PBXBuildFile; fileRef = EAD4F5BF26A742060057DF32 /* RoundTabBarControllerViewController.swift */; };
		EAD4F5C226A756C20057DF32 /* Network.swift in Sources */ = {isa = PBXBuildFile; fileRef = EAD4F5C126A756C20057DF32 /* Network.swift */; };
		EAD4F5C426A756E60057DF32 /* Player.swift in Sources */ = {isa = PBXBuildFile; fileRef = EAD4F5C326A756E60057DF32 /* Player.swift */; };
		EAD4F5C726A775C60057DF32 /* PlayerTVCell.swift in Sources */ = {isa = PBXBuildFile; fileRef = EAD4F5C526A775C60057DF32 /* PlayerTVCell.swift */; };
		EAD4F5C826A775C60057DF32 /* PlayerTVCell.xib in Resources */ = {isa = PBXBuildFile; fileRef = EAD4F5C626A775C60057DF32 /* PlayerTVCell.xib */; };
		EAE7A6BD26A8AB72001ACD32 /* Spinner.swift in Sources */ = {isa = PBXBuildFile; fileRef = EAE7A6BC26A8AB72001ACD32 /* Spinner.swift */; };
		EAE7A6BF26A8B4A9001ACD32 /* SessionViewController.swift in Sources */ = {isa = PBXBuildFile; fileRef = EAE7A6BE26A8B4A9001ACD32 /* SessionViewController.swift */; };
		EAE7A6C126A8BB9B001ACD32 /* Background.swift in Sources */ = {isa = PBXBuildFile; fileRef = EAE7A6C026A8BB9B001ACD32 /* Background.swift */; };
/* End PBXBuildFile section */

/* Begin PBXContainerItemProxy section */
		EAD4F59E26A73C920057DF32 /* PBXContainerItemProxy */ = {
			isa = PBXContainerItemProxy;
			containerPortal = EAD4F57F26A73C900057DF32 /* Project object */;
			proxyType = 1;
			remoteGlobalIDString = EAD4F58626A73C900057DF32;
			remoteInfo = Stopwatch;
		};
		EAD4F5A926A73C920057DF32 /* PBXContainerItemProxy */ = {
			isa = PBXContainerItemProxy;
			containerPortal = EAD4F57F26A73C900057DF32 /* Project object */;
			proxyType = 1;
			remoteGlobalIDString = EAD4F58626A73C900057DF32;
			remoteInfo = Stopwatch;
		};
/* End PBXContainerItemProxy section */

/* Begin PBXFileReference section */
		00D2A92B81975478F0A69662 /* Pods-Stopwatch-StopwatchUITests.release.xcconfig */ = {isa = PBXFileReference; includeInIndex = 1; lastKnownFileType = text.xcconfig; name = "Pods-Stopwatch-StopwatchUITests.release.xcconfig"; path = "Target Support Files/Pods-Stopwatch-StopwatchUITests/Pods-Stopwatch-StopwatchUITests.release.xcconfig"; sourceTree = "<group>"; };
		0F37B97EB0B3AFF7B6E602A3 /* Pods-Stopwatch.release.xcconfig */ = {isa = PBXFileReference; includeInIndex = 1; lastKnownFileType = text.xcconfig; name = "Pods-Stopwatch.release.xcconfig"; path = "Target Support Files/Pods-Stopwatch/Pods-Stopwatch.release.xcconfig"; sourceTree = "<group>"; };
		312432BCE10406F002676600 /* Pods_StopwatchTests.framework */ = {isa = PBXFileReference; explicitFileType = wrapper.framework; includeInIndex = 0; path = Pods_StopwatchTests.framework; sourceTree = BUILT_PRODUCTS_DIR; };
		3872AF2AF83746650808190E /* Pods-StopwatchTests.release.xcconfig */ = {isa = PBXFileReference; includeInIndex = 1; lastKnownFileType = text.xcconfig; name = "Pods-StopwatchTests.release.xcconfig"; path = "Target Support Files/Pods-StopwatchTests/Pods-StopwatchTests.release.xcconfig"; sourceTree = "<group>"; };
		75B74C65215198A5031E0D03 /* Pods-StopwatchTests.debug.xcconfig */ = {isa = PBXFileReference; includeInIndex = 1; lastKnownFileType = text.xcconfig; name = "Pods-StopwatchTests.debug.xcconfig"; path = "Target Support Files/Pods-StopwatchTests/Pods-StopwatchTests.debug.xcconfig"; sourceTree = "<group>"; };
		7E0C636790F7F813CD2F8950 /* Pods_Stopwatch_StopwatchUITests.framework */ = {isa = PBXFileReference; explicitFileType = wrapper.framework; includeInIndex = 0; path = Pods_Stopwatch_StopwatchUITests.framework; sourceTree = BUILT_PRODUCTS_DIR; };
		9C4D71F92545D51A4277708B /* Pods_Stopwatch.framework */ = {isa = PBXFileReference; explicitFileType = wrapper.framework; includeInIndex = 0; path = Pods_Stopwatch.framework; sourceTree = BUILT_PRODUCTS_DIR; };
		A451239A6C2DB4F29DF5EC0E /* Pods-Stopwatch.debug.xcconfig */ = {isa = PBXFileReference; includeInIndex = 1; lastKnownFileType = text.xcconfig; name = "Pods-Stopwatch.debug.xcconfig"; path = "Target Support Files/Pods-Stopwatch/Pods-Stopwatch.debug.xcconfig"; sourceTree = "<group>"; };
		B40C8B121C46737A2F1FEE16 /* Pods-Stopwatch-StopwatchUITests.debug.xcconfig */ = {isa = PBXFileReference; includeInIndex = 1; lastKnownFileType = text.xcconfig; name = "Pods-Stopwatch-StopwatchUITests.debug.xcconfig"; path = "Target Support Files/Pods-Stopwatch-StopwatchUITests/Pods-Stopwatch-StopwatchUITests.debug.xcconfig"; sourceTree = "<group>"; };
		EA110C3726AC725C00B97715 /* LeaderTVCell.swift */ = {isa = PBXFileReference; lastKnownFileType = sourcecode.swift; path = LeaderTVCell.swift; sourceTree = "<group>"; };
		EA110C3826AC725C00B97715 /* LeaderTVCell.xib */ = {isa = PBXFileReference; lastKnownFileType = file.xib; path = LeaderTVCell.xib; sourceTree = "<group>"; };
		EA18667A26AA10A800616800 /* LapTVCell.swift */ = {isa = PBXFileReference; lastKnownFileType = sourcecode.swift; path = LapTVCell.swift; sourceTree = "<group>"; };
		EA18667B26AA10A800616800 /* LapTVCell.xib */ = {isa = PBXFileReference; lastKnownFileType = file.xib; path = LapTVCell.xib; sourceTree = "<group>"; };
		EA6BC23726AAE195000B8075 /* Lap.swift */ = {isa = PBXFileReference; lastKnownFileType = sourcecode.swift; path = Lap.swift; sourceTree = "<group>"; };
		EA82E15626A83F7E000F1797 /* Extensions.swift */ = {isa = PBXFileReference; lastKnownFileType = sourcecode.swift; path = Extensions.swift; sourceTree = "<group>"; };
		EA82E15826A83FDC000F1797 /* LeaderboardViewController.swift */ = {isa = PBXFileReference; lastKnownFileType = sourcecode.swift; path = LeaderboardViewController.swift; sourceTree = "<group>"; };
		EA82E15A26A84D1C000F1797 /* SettingsViewController.swift */ = {isa = PBXFileReference; lastKnownFileType = sourcecode.swift; path = SettingsViewController.swift; sourceTree = "<group>"; };
		EAA7ACD126AC4C58008619BC /* RealmManager.swift */ = {isa = PBXFileReference; lastKnownFileType = sourcecode.swift; path = RealmManager.swift; sourceTree = "<group>"; };
		EAA7ACD326AC5193008619BC /* SortPresentationPopView.swift */ = {isa = PBXFileReference; lastKnownFileType = sourcecode.swift; path = SortPresentationPopView.swift; sourceTree = "<group>"; };
		EAA7ACD526AC564B008619BC /* SortView.xib */ = {isa = PBXFileReference; lastKnownFileType = file.xib; path = SortView.xib; sourceTree = "<group>"; };
		EAA7ACD726AC56FB008619BC /* SortViewController.swift */ = {isa = PBXFileReference; lastKnownFileType = sourcecode.swift; path = SortViewController.swift; sourceTree = "<group>"; };
		EAA7ACD926AC6962008619BC /* PlayerRealm.swift */ = {isa = PBXFileReference; lastKnownFileType = sourcecode.swift; path = PlayerRealm.swift; sourceTree = "<group>"; };
		EAD4F58726A73C900057DF32 /* Stopwatch.app */ = {isa = PBXFileReference; explicitFileType = wrapper.application; includeInIndex = 0; path = Stopwatch.app; sourceTree = BUILT_PRODUCTS_DIR; };
		EAD4F58A26A73C900057DF32 /* AppDelegate.swift */ = {isa = PBXFileReference; lastKnownFileType = sourcecode.swift; path = AppDelegate.swift; sourceTree = "<group>"; };
		EAD4F58C26A73C900057DF32 /* SceneDelegate.swift */ = {isa = PBXFileReference; lastKnownFileType = sourcecode.swift; path = SceneDelegate.swift; sourceTree = "<group>"; };
		EAD4F58E26A73C900057DF32 /* HomeViewController.swift */ = {isa = PBXFileReference; lastKnownFileType = sourcecode.swift; path = HomeViewController.swift; sourceTree = "<group>"; };
		EAD4F59126A73C900057DF32 /* Base */ = {isa = PBXFileReference; lastKnownFileType = file.storyboard; name = Base; path = Base.lproj/Main.storyboard; sourceTree = "<group>"; };
		EAD4F59326A73C910057DF32 /* Assets.xcassets */ = {isa = PBXFileReference; lastKnownFileType = folder.assetcatalog; path = Assets.xcassets; sourceTree = "<group>"; };
		EAD4F59626A73C910057DF32 /* Base */ = {isa = PBXFileReference; lastKnownFileType = file.storyboard; name = Base; path = Base.lproj/LaunchScreen.storyboard; sourceTree = "<group>"; };
		EAD4F59826A73C910057DF32 /* Info.plist */ = {isa = PBXFileReference; lastKnownFileType = text.plist.xml; path = Info.plist; sourceTree = "<group>"; };
		EAD4F59D26A73C920057DF32 /* StopwatchTests.xctest */ = {isa = PBXFileReference; explicitFileType = wrapper.cfbundle; includeInIndex = 0; path = StopwatchTests.xctest; sourceTree = BUILT_PRODUCTS_DIR; };
		EAD4F5A126A73C920057DF32 /* StopwatchTests.swift */ = {isa = PBXFileReference; lastKnownFileType = sourcecode.swift; path = StopwatchTests.swift; sourceTree = "<group>"; };
		EAD4F5A326A73C920057DF32 /* Info.plist */ = {isa = PBXFileReference; lastKnownFileType = text.plist.xml; path = Info.plist; sourceTree = "<group>"; };
		EAD4F5A826A73C920057DF32 /* StopwatchUITests.xctest */ = {isa = PBXFileReference; explicitFileType = wrapper.cfbundle; includeInIndex = 0; path = StopwatchUITests.xctest; sourceTree = BUILT_PRODUCTS_DIR; };
		EAD4F5AC26A73C920057DF32 /* StopwatchUITests.swift */ = {isa = PBXFileReference; lastKnownFileType = sourcecode.swift; path = StopwatchUITests.swift; sourceTree = "<group>"; };
		EAD4F5AE26A73C920057DF32 /* Info.plist */ = {isa = PBXFileReference; lastKnownFileType = text.plist.xml; path = Info.plist; sourceTree = "<group>"; };
		EAD4F5BD26A73E8E0057DF32 /* RoundTabBar.swift */ = {isa = PBXFileReference; lastKnownFileType = sourcecode.swift; path = RoundTabBar.swift; sourceTree = "<group>"; };
		EAD4F5BF26A742060057DF32 /* RoundTabBarControllerViewController.swift */ = {isa = PBXFileReference; lastKnownFileType = sourcecode.swift; path = RoundTabBarControllerViewController.swift; sourceTree = "<group>"; };
		EAD4F5C126A756C20057DF32 /* Network.swift */ = {isa = PBXFileReference; lastKnownFileType = sourcecode.swift; path = Network.swift; sourceTree = "<group>"; };
		EAD4F5C326A756E60057DF32 /* Player.swift */ = {isa = PBXFileReference; lastKnownFileType = sourcecode.swift; path = Player.swift; sourceTree = "<group>"; };
		EAD4F5C526A775C60057DF32 /* PlayerTVCell.swift */ = {isa = PBXFileReference; lastKnownFileType = sourcecode.swift; path = PlayerTVCell.swift; sourceTree = "<group>"; };
		EAD4F5C626A775C60057DF32 /* PlayerTVCell.xib */ = {isa = PBXFileReference; lastKnownFileType = file.xib; path = PlayerTVCell.xib; sourceTree = "<group>"; };
		EAE7A6BC26A8AB72001ACD32 /* Spinner.swift */ = {isa = PBXFileReference; lastKnownFileType = sourcecode.swift; path = Spinner.swift; sourceTree = "<group>"; };
		EAE7A6BE26A8B4A9001ACD32 /* SessionViewController.swift */ = {isa = PBXFileReference; lastKnownFileType = sourcecode.swift; path = SessionViewController.swift; sourceTree = "<group>"; };
		EAE7A6C026A8BB9B001ACD32 /* Background.swift */ = {isa = PBXFileReference; lastKnownFileType = sourcecode.swift; path = Background.swift; sourceTree = "<group>"; };
/* End PBXFileReference section */

/* Begin PBXFrameworksBuildPhase section */
		EAD4F58426A73C900057DF32 /* Frameworks */ = {
			isa = PBXFrameworksBuildPhase;
			buildActionMask = 2147483647;
			files = (
				B3269584A24A2C0CD809FB58 /* Pods_Stopwatch.framework in Frameworks */,
			);
			runOnlyForDeploymentPostprocessing = 0;
		};
		EAD4F59A26A73C920057DF32 /* Frameworks */ = {
			isa = PBXFrameworksBuildPhase;
			buildActionMask = 2147483647;
			files = (
				7E562E12821F230A8BB58F49 /* Pods_StopwatchTests.framework in Frameworks */,
			);
			runOnlyForDeploymentPostprocessing = 0;
		};
		EAD4F5A526A73C920057DF32 /* Frameworks */ = {
			isa = PBXFrameworksBuildPhase;
			buildActionMask = 2147483647;
			files = (
				D707006B458CE7E74E2C529F /* Pods_Stopwatch_StopwatchUITests.framework in Frameworks */,
			);
			runOnlyForDeploymentPostprocessing = 0;
		};
/* End PBXFrameworksBuildPhase section */

/* Begin PBXGroup section */
		C0C2E3C4C057BFCF4C63C374 /* Frameworks */ = {
			isa = PBXGroup;
			children = (
				9C4D71F92545D51A4277708B /* Pods_Stopwatch.framework */,
				7E0C636790F7F813CD2F8950 /* Pods_Stopwatch_StopwatchUITests.framework */,
				312432BCE10406F002676600 /* Pods_StopwatchTests.framework */,
			);
			name = Frameworks;
			sourceTree = "<group>";
		};
		DAD9551E90E0D9079F82D4E8 /* Pods */ = {
			isa = PBXGroup;
			children = (
				A451239A6C2DB4F29DF5EC0E /* Pods-Stopwatch.debug.xcconfig */,
				0F37B97EB0B3AFF7B6E602A3 /* Pods-Stopwatch.release.xcconfig */,
				B40C8B121C46737A2F1FEE16 /* Pods-Stopwatch-StopwatchUITests.debug.xcconfig */,
				00D2A92B81975478F0A69662 /* Pods-Stopwatch-StopwatchUITests.release.xcconfig */,
				75B74C65215198A5031E0D03 /* Pods-StopwatchTests.debug.xcconfig */,
				3872AF2AF83746650808190E /* Pods-StopwatchTests.release.xcconfig */,
			);
			path = Pods;
			sourceTree = "<group>";
		};
		EA82E15526A83F57000F1797 /* Cells */ = {
			isa = PBXGroup;
			children = (
				EAD4F5C526A775C60057DF32 /* PlayerTVCell.swift */,
				EAD4F5C626A775C60057DF32 /* PlayerTVCell.xib */,
				EA18667A26AA10A800616800 /* LapTVCell.swift */,
				EA18667B26AA10A800616800 /* LapTVCell.xib */,
				EA110C3726AC725C00B97715 /* LeaderTVCell.swift */,
				EA110C3826AC725C00B97715 /* LeaderTVCell.xib */,
			);
			path = Cells;
			sourceTree = "<group>";
		};
		EA82E15C26A85DA5000F1797 /* Data */ = {
			isa = PBXGroup;
			children = (
				EAD4F5C326A756E60057DF32 /* Player.swift */,
				EA6BC23726AAE195000B8075 /* Lap.swift */,
				EAA7ACD926AC6962008619BC /* PlayerRealm.swift */,
			);
			path = Data;
			sourceTree = "<group>";
		};
		EA82E15D26A85DAE000F1797 /* CustomShapes */ = {
			isa = PBXGroup;
			children = (
				EAD4F5BD26A73E8E0057DF32 /* RoundTabBar.swift */,
				EAD4F5BF26A742060057DF32 /* RoundTabBarControllerViewController.swift */,
				EAE7A6BC26A8AB72001ACD32 /* Spinner.swift */,
				EAE7A6C026A8BB9B001ACD32 /* Background.swift */,
				EAA7ACD526AC564B008619BC /* SortView.xib */,
			);
			path = CustomShapes;
			sourceTree = "<group>";
		};
		EAD4F57E26A73C900057DF32 = {
			isa = PBXGroup;
			children = (
				EAD4F58926A73C900057DF32 /* Stopwatch */,
				EAD4F5A026A73C920057DF32 /* StopwatchTests */,
				EAD4F5AB26A73C920057DF32 /* StopwatchUITests */,
				EAD4F58826A73C900057DF32 /* Products */,
				DAD9551E90E0D9079F82D4E8 /* Pods */,
				C0C2E3C4C057BFCF4C63C374 /* Frameworks */,
			);
			sourceTree = "<group>";
		};
		EAD4F58826A73C900057DF32 /* Products */ = {
			isa = PBXGroup;
			children = (
				EAD4F58726A73C900057DF32 /* Stopwatch.app */,
				EAD4F59D26A73C920057DF32 /* StopwatchTests.xctest */,
				EAD4F5A826A73C920057DF32 /* StopwatchUITests.xctest */,
			);
			name = Products;
			sourceTree = "<group>";
		};
		EAD4F58926A73C900057DF32 /* Stopwatch */ = {
			isa = PBXGroup;
			children = (
				EAD4F5BA26A73D690057DF32 /* Model */,
				EAD4F5BB26A73D6D0057DF32 /* View */,
				EAD4F5BC26A73D720057DF32 /* Controller */,
				EAD4F58A26A73C900057DF32 /* AppDelegate.swift */,
				EAD4F58C26A73C900057DF32 /* SceneDelegate.swift */,
				EAD4F59326A73C910057DF32 /* Assets.xcassets */,
				EAD4F59526A73C910057DF32 /* LaunchScreen.storyboard */,
				EAD4F59826A73C910057DF32 /* Info.plist */,
			);
			path = Stopwatch;
			sourceTree = "<group>";
		};
		EAD4F5A026A73C920057DF32 /* StopwatchTests */ = {
			isa = PBXGroup;
			children = (
				EAD4F5A126A73C920057DF32 /* StopwatchTests.swift */,
				EAD4F5A326A73C920057DF32 /* Info.plist */,
			);
			path = StopwatchTests;
			sourceTree = "<group>";
		};
		EAD4F5AB26A73C920057DF32 /* StopwatchUITests */ = {
			isa = PBXGroup;
			children = (
				EAD4F5AC26A73C920057DF32 /* StopwatchUITests.swift */,
				EAD4F5AE26A73C920057DF32 /* Info.plist */,
			);
			path = StopwatchUITests;
			sourceTree = "<group>";
		};
		EAD4F5BA26A73D690057DF32 /* Model */ = {
			isa = PBXGroup;
			children = (
				EA82E15526A83F57000F1797 /* Cells */,
				EA82E15D26A85DAE000F1797 /* CustomShapes */,
				EA82E15C26A85DA5000F1797 /* Data */,
				EAD4F5C126A756C20057DF32 /* Network.swift */,
				EA82E15626A83F7E000F1797 /* Extensions.swift */,
				EAA7ACD126AC4C58008619BC /* RealmManager.swift */,
			);
			path = Model;
			sourceTree = "<group>";
		};
		EAD4F5BB26A73D6D0057DF32 /* View */ = {
			isa = PBXGroup;
			children = (
				EAD4F59026A73C900057DF32 /* Main.storyboard */,
			);
			path = View;
			sourceTree = "<group>";
		};
		EAD4F5BC26A73D720057DF32 /* Controller */ = {
			isa = PBXGroup;
			children = (
				EAD4F58E26A73C900057DF32 /* HomeViewController.swift */,
				EA82E15826A83FDC000F1797 /* LeaderboardViewController.swift */,
				EA82E15A26A84D1C000F1797 /* SettingsViewController.swift */,
				EAE7A6BE26A8B4A9001ACD32 /* SessionViewController.swift */,
				EAA7ACD326AC5193008619BC /* SortPresentationPopView.swift */,
				EAA7ACD726AC56FB008619BC /* SortViewController.swift */,
			);
			path = Controller;
			sourceTree = "<group>";
		};
/* End PBXGroup section */

/* Begin PBXNativeTarget section */
		EAD4F58626A73C900057DF32 /* Stopwatch */ = {
			isa = PBXNativeTarget;
			buildConfigurationList = EAD4F5B126A73C920057DF32 /* Build configuration list for PBXNativeTarget "Stopwatch" */;
			buildPhases = (
				FDCCD31EDEEE8D05E04C5241 /* [CP] Check Pods Manifest.lock */,
				EAD4F58326A73C900057DF32 /* Sources */,
				EAD4F58426A73C900057DF32 /* Frameworks */,
				EAD4F58526A73C900057DF32 /* Resources */,
				FA40AEF344325B67F1C5F7A5 /* [CP] Embed Pods Frameworks */,
			);
			buildRules = (
			);
			dependencies = (
			);
			name = Stopwatch;
			productName = Stopwatch;
			productReference = EAD4F58726A73C900057DF32 /* Stopwatch.app */;
			productType = "com.apple.product-type.application";
		};
		EAD4F59C26A73C920057DF32 /* StopwatchTests */ = {
			isa = PBXNativeTarget;
			buildConfigurationList = EAD4F5B426A73C920057DF32 /* Build configuration list for PBXNativeTarget "StopwatchTests" */;
			buildPhases = (
				DD67395D038A63155678B555 /* [CP] Check Pods Manifest.lock */,
				EAD4F59926A73C920057DF32 /* Sources */,
				EAD4F59A26A73C920057DF32 /* Frameworks */,
				EAD4F59B26A73C920057DF32 /* Resources */,
			);
			buildRules = (
			);
			dependencies = (
				EAD4F59F26A73C920057DF32 /* PBXTargetDependency */,
			);
			name = StopwatchTests;
			productName = StopwatchTests;
			productReference = EAD4F59D26A73C920057DF32 /* StopwatchTests.xctest */;
			productType = "com.apple.product-type.bundle.unit-test";
		};
		EAD4F5A726A73C920057DF32 /* StopwatchUITests */ = {
			isa = PBXNativeTarget;
			buildConfigurationList = EAD4F5B726A73C920057DF32 /* Build configuration list for PBXNativeTarget "StopwatchUITests" */;
			buildPhases = (
				BA7E011A34AE7E88078927F4 /* [CP] Check Pods Manifest.lock */,
				EAD4F5A426A73C920057DF32 /* Sources */,
				EAD4F5A526A73C920057DF32 /* Frameworks */,
				EAD4F5A626A73C920057DF32 /* Resources */,
				B02CFA1D58A6A9C29EEEB331 /* [CP] Embed Pods Frameworks */,
			);
			buildRules = (
			);
			dependencies = (
				EAD4F5AA26A73C920057DF32 /* PBXTargetDependency */,
			);
			name = StopwatchUITests;
			productName = StopwatchUITests;
			productReference = EAD4F5A826A73C920057DF32 /* StopwatchUITests.xctest */;
			productType = "com.apple.product-type.bundle.ui-testing";
		};
/* End PBXNativeTarget section */

/* Begin PBXProject section */
		EAD4F57F26A73C900057DF32 /* Project object */ = {
			isa = PBXProject;
			attributes = {
				LastSwiftUpdateCheck = 1250;
				LastUpgradeCheck = 1250;
				TargetAttributes = {
					EAD4F58626A73C900057DF32 = {
						CreatedOnToolsVersion = 12.5.1;
					};
					EAD4F59C26A73C920057DF32 = {
						CreatedOnToolsVersion = 12.5.1;
						TestTargetID = EAD4F58626A73C900057DF32;
					};
					EAD4F5A726A73C920057DF32 = {
						CreatedOnToolsVersion = 12.5.1;
						TestTargetID = EAD4F58626A73C900057DF32;
					};
				};
			};
			buildConfigurationList = EAD4F58226A73C900057DF32 /* Build configuration list for PBXProject "Stopwatch" */;
			compatibilityVersion = "Xcode 9.3";
			developmentRegion = en;
			hasScannedForEncodings = 0;
			knownRegions = (
				en,
				Base,
			);
			mainGroup = EAD4F57E26A73C900057DF32;
			productRefGroup = EAD4F58826A73C900057DF32 /* Products */;
			projectDirPath = "";
			projectRoot = "";
			targets = (
				EAD4F58626A73C900057DF32 /* Stopwatch */,
				EAD4F59C26A73C920057DF32 /* StopwatchTests */,
				EAD4F5A726A73C920057DF32 /* StopwatchUITests */,
			);
		};
/* End PBXProject section */

/* Begin PBXResourcesBuildPhase section */
		EAD4F58526A73C900057DF32 /* Resources */ = {
			isa = PBXResourcesBuildPhase;
			buildActionMask = 2147483647;
			files = (
				EAA7ACD626AC564B008619BC /* SortView.xib in Resources */,
				EAD4F5C826A775C60057DF32 /* PlayerTVCell.xib in Resources */,
				EAD4F59726A73C910057DF32 /* LaunchScreen.storyboard in Resources */,
				EAD4F59426A73C910057DF32 /* Assets.xcassets in Resources */,
				EA110C3A26AC725C00B97715 /* LeaderTVCell.xib in Resources */,
				EAD4F59226A73C900057DF32 /* Main.storyboard in Resources */,
				EA18667D26AA10A800616800 /* LapTVCell.xib in Resources */,
			);
			runOnlyForDeploymentPostprocessing = 0;
		};
		EAD4F59B26A73C920057DF32 /* Resources */ = {
			isa = PBXResourcesBuildPhase;
			buildActionMask = 2147483647;
			files = (
			);
			runOnlyForDeploymentPostprocessing = 0;
		};
		EAD4F5A626A73C920057DF32 /* Resources */ = {
			isa = PBXResourcesBuildPhase;
			buildActionMask = 2147483647;
			files = (
			);
			runOnlyForDeploymentPostprocessing = 0;
		};
/* End PBXResourcesBuildPhase section */

/* Begin PBXShellScriptBuildPhase section */
		B02CFA1D58A6A9C29EEEB331 /* [CP] Embed Pods Frameworks */ = {
			isa = PBXShellScriptBuildPhase;
			buildActionMask = 2147483647;
			files = (
			);
			inputFileListPaths = (
				"${PODS_ROOT}/Target Support Files/Pods-Stopwatch-StopwatchUITests/Pods-Stopwatch-StopwatchUITests-frameworks-${CONFIGURATION}-input-files.xcfilelist",
			);
			name = "[CP] Embed Pods Frameworks";
			outputFileListPaths = (
				"${PODS_ROOT}/Target Support Files/Pods-Stopwatch-StopwatchUITests/Pods-Stopwatch-StopwatchUITests-frameworks-${CONFIGURATION}-output-files.xcfilelist",
			);
			runOnlyForDeploymentPostprocessing = 0;
			shellPath = /bin/sh;
			shellScript = "\"${PODS_ROOT}/Target Support Files/Pods-Stopwatch-StopwatchUITests/Pods-Stopwatch-StopwatchUITests-frameworks.sh\"\n";
			showEnvVarsInLog = 0;
		};
		BA7E011A34AE7E88078927F4 /* [CP] Check Pods Manifest.lock */ = {
			isa = PBXShellScriptBuildPhase;
			buildActionMask = 2147483647;
			files = (
			);
			inputFileListPaths = (
			);
			inputPaths = (
				"${PODS_PODFILE_DIR_PATH}/Podfile.lock",
				"${PODS_ROOT}/Manifest.lock",
			);
			name = "[CP] Check Pods Manifest.lock";
			outputFileListPaths = (
			);
			outputPaths = (
				"$(DERIVED_FILE_DIR)/Pods-Stopwatch-StopwatchUITests-checkManifestLockResult.txt",
			);
			runOnlyForDeploymentPostprocessing = 0;
			shellPath = /bin/sh;
			shellScript = "diff \"${PODS_PODFILE_DIR_PATH}/Podfile.lock\" \"${PODS_ROOT}/Manifest.lock\" > /dev/null\nif [ $? != 0 ] ; then\n    # print error to STDERR\n    echo \"error: The sandbox is not in sync with the Podfile.lock. Run 'pod install' or update your CocoaPods installation.\" >&2\n    exit 1\nfi\n# This output is used by Xcode 'outputs' to avoid re-running this script phase.\necho \"SUCCESS\" > \"${SCRIPT_OUTPUT_FILE_0}\"\n";
			showEnvVarsInLog = 0;
		};
		DD67395D038A63155678B555 /* [CP] Check Pods Manifest.lock */ = {
			isa = PBXShellScriptBuildPhase;
			buildActionMask = 2147483647;
			files = (
			);
			inputFileListPaths = (
			);
			inputPaths = (
				"${PODS_PODFILE_DIR_PATH}/Podfile.lock",
				"${PODS_ROOT}/Manifest.lock",
			);
			name = "[CP] Check Pods Manifest.lock";
			outputFileListPaths = (
			);
			outputPaths = (
				"$(DERIVED_FILE_DIR)/Pods-StopwatchTests-checkManifestLockResult.txt",
			);
			runOnlyForDeploymentPostprocessing = 0;
			shellPath = /bin/sh;
			shellScript = "diff \"${PODS_PODFILE_DIR_PATH}/Podfile.lock\" \"${PODS_ROOT}/Manifest.lock\" > /dev/null\nif [ $? != 0 ] ; then\n    # print error to STDERR\n    echo \"error: The sandbox is not in sync with the Podfile.lock. Run 'pod install' or update your CocoaPods installation.\" >&2\n    exit 1\nfi\n# This output is used by Xcode 'outputs' to avoid re-running this script phase.\necho \"SUCCESS\" > \"${SCRIPT_OUTPUT_FILE_0}\"\n";
			showEnvVarsInLog = 0;
		};
		FA40AEF344325B67F1C5F7A5 /* [CP] Embed Pods Frameworks */ = {
			isa = PBXShellScriptBuildPhase;
			buildActionMask = 2147483647;
			files = (
			);
			inputFileListPaths = (
				"${PODS_ROOT}/Target Support Files/Pods-Stopwatch/Pods-Stopwatch-frameworks-${CONFIGURATION}-input-files.xcfilelist",
			);
			name = "[CP] Embed Pods Frameworks";
			outputFileListPaths = (
				"${PODS_ROOT}/Target Support Files/Pods-Stopwatch/Pods-Stopwatch-frameworks-${CONFIGURATION}-output-files.xcfilelist",
			);
			runOnlyForDeploymentPostprocessing = 0;
			shellPath = /bin/sh;
			shellScript = "\"${PODS_ROOT}/Target Support Files/Pods-Stopwatch/Pods-Stopwatch-frameworks.sh\"\n";
			showEnvVarsInLog = 0;
		};
		FDCCD31EDEEE8D05E04C5241 /* [CP] Check Pods Manifest.lock */ = {
			isa = PBXShellScriptBuildPhase;
			buildActionMask = 2147483647;
			files = (
			);
			inputFileListPaths = (
			);
			inputPaths = (
				"${PODS_PODFILE_DIR_PATH}/Podfile.lock",
				"${PODS_ROOT}/Manifest.lock",
			);
			name = "[CP] Check Pods Manifest.lock";
			outputFileListPaths = (
			);
			outputPaths = (
				"$(DERIVED_FILE_DIR)/Pods-Stopwatch-checkManifestLockResult.txt",
			);
			runOnlyForDeploymentPostprocessing = 0;
			shellPath = /bin/sh;
			shellScript = "diff \"${PODS_PODFILE_DIR_PATH}/Podfile.lock\" \"${PODS_ROOT}/Manifest.lock\" > /dev/null\nif [ $? != 0 ] ; then\n    # print error to STDERR\n    echo \"error: The sandbox is not in sync with the Podfile.lock. Run 'pod install' or update your CocoaPods installation.\" >&2\n    exit 1\nfi\n# This output is used by Xcode 'outputs' to avoid re-running this script phase.\necho \"SUCCESS\" > \"${SCRIPT_OUTPUT_FILE_0}\"\n";
			showEnvVarsInLog = 0;
		};
/* End PBXShellScriptBuildPhase section */

/* Begin PBXSourcesBuildPhase section */
		EAD4F58326A73C900057DF32 /* Sources */ = {
			isa = PBXSourcesBuildPhase;
			buildActionMask = 2147483647;
			files = (
				EAD4F5BE26A73E8E0057DF32 /* RoundTabBar.swift in Sources */,
				EA6BC23826AAE195000B8075 /* Lap.swift in Sources */,
				EAE7A6C126A8BB9B001ACD32 /* Background.swift in Sources */,
				EA82E15726A83F7E000F1797 /* Extensions.swift in Sources */,
				EAA7ACD426AC5193008619BC /* SortPresentationPopView.swift in Sources */,
				EA82E15B26A84D1C000F1797 /* SettingsViewController.swift in Sources */,
				EA18667C26AA10A800616800 /* LapTVCell.swift in Sources */,
				EA82E15926A83FDC000F1797 /* LeaderboardViewController.swift in Sources */,
				EAD4F58F26A73C900057DF32 /* HomeViewController.swift in Sources */,
				EAA7ACD226AC4C58008619BC /* RealmManager.swift in Sources */,
				EA110C3926AC725C00B97715 /* LeaderTVCell.swift in Sources */,
				EAD4F5C226A756C20057DF32 /* Network.swift in Sources */,
				EAD4F58B26A73C900057DF32 /* AppDelegate.swift in Sources */,
				EAE7A6BD26A8AB72001ACD32 /* Spinner.swift in Sources */,
				EAE7A6BF26A8B4A9001ACD32 /* SessionViewController.swift in Sources */,
				EAA7ACDA26AC6962008619BC /* PlayerRealm.swift in Sources */,
				EAA7ACD826AC56FB008619BC /* SortViewController.swift in Sources */,
				EAD4F5C726A775C60057DF32 /* PlayerTVCell.swift in Sources */,
				EAD4F5C426A756E60057DF32 /* Player.swift in Sources */,
				EAD4F58D26A73C900057DF32 /* SceneDelegate.swift in Sources */,
				EAD4F5C026A742060057DF32 /* RoundTabBarControllerViewController.swift in Sources */,
			);
			runOnlyForDeploymentPostprocessing = 0;
		};
		EAD4F59926A73C920057DF32 /* Sources */ = {
			isa = PBXSourcesBuildPhase;
			buildActionMask = 2147483647;
			files = (
				EAD4F5A226A73C920057DF32 /* StopwatchTests.swift in Sources */,
			);
			runOnlyForDeploymentPostprocessing = 0;
		};
		EAD4F5A426A73C920057DF32 /* Sources */ = {
			isa = PBXSourcesBuildPhase;
			buildActionMask = 2147483647;
			files = (
				EAD4F5AD26A73C920057DF32 /* StopwatchUITests.swift in Sources */,
			);
			runOnlyForDeploymentPostprocessing = 0;
		};
/* End PBXSourcesBuildPhase section */

/* Begin PBXTargetDependency section */
		EAD4F59F26A73C920057DF32 /* PBXTargetDependency */ = {
			isa = PBXTargetDependency;
			target = EAD4F58626A73C900057DF32 /* Stopwatch */;
			targetProxy = EAD4F59E26A73C920057DF32 /* PBXContainerItemProxy */;
		};
		EAD4F5AA26A73C920057DF32 /* PBXTargetDependency */ = {
			isa = PBXTargetDependency;
			target = EAD4F58626A73C900057DF32 /* Stopwatch */;
			targetProxy = EAD4F5A926A73C920057DF32 /* PBXContainerItemProxy */;
		};
/* End PBXTargetDependency section */

/* Begin PBXVariantGroup section */
		EAD4F59026A73C900057DF32 /* Main.storyboard */ = {
			isa = PBXVariantGroup;
			children = (
				EAD4F59126A73C900057DF32 /* Base */,
			);
			name = Main.storyboard;
			sourceTree = "<group>";
		};
		EAD4F59526A73C910057DF32 /* LaunchScreen.storyboard */ = {
			isa = PBXVariantGroup;
			children = (
				EAD4F59626A73C910057DF32 /* Base */,
			);
			name = LaunchScreen.storyboard;
			sourceTree = "<group>";
		};
/* End PBXVariantGroup section */

/* Begin XCBuildConfiguration section */
		EAD4F5AF26A73C920057DF32 /* Debug */ = {
			isa = XCBuildConfiguration;
			buildSettings = {
				ALWAYS_SEARCH_USER_PATHS = NO;
				CLANG_ANALYZER_NONNULL = YES;
				CLANG_ANALYZER_NUMBER_OBJECT_CONVERSION = YES_AGGRESSIVE;
				CLANG_CXX_LANGUAGE_STANDARD = "gnu++14";
				CLANG_CXX_LIBRARY = "libc++";
				CLANG_ENABLE_MODULES = YES;
				CLANG_ENABLE_OBJC_ARC = YES;
				CLANG_ENABLE_OBJC_WEAK = YES;
				CLANG_WARN_BLOCK_CAPTURE_AUTORELEASING = YES;
				CLANG_WARN_BOOL_CONVERSION = YES;
				CLANG_WARN_COMMA = YES;
				CLANG_WARN_CONSTANT_CONVERSION = YES;
				CLANG_WARN_DEPRECATED_OBJC_IMPLEMENTATIONS = YES;
				CLANG_WARN_DIRECT_OBJC_ISA_USAGE = YES_ERROR;
				CLANG_WARN_DOCUMENTATION_COMMENTS = YES;
				CLANG_WARN_EMPTY_BODY = YES;
				CLANG_WARN_ENUM_CONVERSION = YES;
				CLANG_WARN_INFINITE_RECURSION = YES;
				CLANG_WARN_INT_CONVERSION = YES;
				CLANG_WARN_NON_LITERAL_NULL_CONVERSION = YES;
				CLANG_WARN_OBJC_IMPLICIT_RETAIN_SELF = YES;
				CLANG_WARN_OBJC_LITERAL_CONVERSION = YES;
				CLANG_WARN_OBJC_ROOT_CLASS = YES_ERROR;
				CLANG_WARN_QUOTED_INCLUDE_IN_FRAMEWORK_HEADER = YES;
				CLANG_WARN_RANGE_LOOP_ANALYSIS = YES;
				CLANG_WARN_STRICT_PROTOTYPES = YES;
				CLANG_WARN_SUSPICIOUS_MOVE = YES;
				CLANG_WARN_UNGUARDED_AVAILABILITY = YES_AGGRESSIVE;
				CLANG_WARN_UNREACHABLE_CODE = YES;
				CLANG_WARN__DUPLICATE_METHOD_MATCH = YES;
				COPY_PHASE_STRIP = NO;
				DEBUG_INFORMATION_FORMAT = dwarf;
				ENABLE_STRICT_OBJC_MSGSEND = YES;
				ENABLE_TESTABILITY = YES;
				GCC_C_LANGUAGE_STANDARD = gnu11;
				GCC_DYNAMIC_NO_PIC = NO;
				GCC_NO_COMMON_BLOCKS = YES;
				GCC_OPTIMIZATION_LEVEL = 0;
				GCC_PREPROCESSOR_DEFINITIONS = (
					"DEBUG=1",
					"$(inherited)",
				);
				GCC_WARN_64_TO_32_BIT_CONVERSION = YES;
				GCC_WARN_ABOUT_RETURN_TYPE = YES_ERROR;
				GCC_WARN_UNDECLARED_SELECTOR = YES;
				GCC_WARN_UNINITIALIZED_AUTOS = YES_AGGRESSIVE;
				GCC_WARN_UNUSED_FUNCTION = YES;
				GCC_WARN_UNUSED_VARIABLE = YES;
				IPHONEOS_DEPLOYMENT_TARGET = 14.5;
				MTL_ENABLE_DEBUG_INFO = INCLUDE_SOURCE;
				MTL_FAST_MATH = YES;
				ONLY_ACTIVE_ARCH = YES;
				SDKROOT = iphoneos;
				SWIFT_ACTIVE_COMPILATION_CONDITIONS = DEBUG;
				SWIFT_OPTIMIZATION_LEVEL = "-Onone";
			};
			name = Debug;
		};
		EAD4F5B026A73C920057DF32 /* Release */ = {
			isa = XCBuildConfiguration;
			buildSettings = {
				ALWAYS_SEARCH_USER_PATHS = NO;
				CLANG_ANALYZER_NONNULL = YES;
				CLANG_ANALYZER_NUMBER_OBJECT_CONVERSION = YES_AGGRESSIVE;
				CLANG_CXX_LANGUAGE_STANDARD = "gnu++14";
				CLANG_CXX_LIBRARY = "libc++";
				CLANG_ENABLE_MODULES = YES;
				CLANG_ENABLE_OBJC_ARC = YES;
				CLANG_ENABLE_OBJC_WEAK = YES;
				CLANG_WARN_BLOCK_CAPTURE_AUTORELEASING = YES;
				CLANG_WARN_BOOL_CONVERSION = YES;
				CLANG_WARN_COMMA = YES;
				CLANG_WARN_CONSTANT_CONVERSION = YES;
				CLANG_WARN_DEPRECATED_OBJC_IMPLEMENTATIONS = YES;
				CLANG_WARN_DIRECT_OBJC_ISA_USAGE = YES_ERROR;
				CLANG_WARN_DOCUMENTATION_COMMENTS = YES;
				CLANG_WARN_EMPTY_BODY = YES;
				CLANG_WARN_ENUM_CONVERSION = YES;
				CLANG_WARN_INFINITE_RECURSION = YES;
				CLANG_WARN_INT_CONVERSION = YES;
				CLANG_WARN_NON_LITERAL_NULL_CONVERSION = YES;
				CLANG_WARN_OBJC_IMPLICIT_RETAIN_SELF = YES;
				CLANG_WARN_OBJC_LITERAL_CONVERSION = YES;
				CLANG_WARN_OBJC_ROOT_CLASS = YES_ERROR;
				CLANG_WARN_QUOTED_INCLUDE_IN_FRAMEWORK_HEADER = YES;
				CLANG_WARN_RANGE_LOOP_ANALYSIS = YES;
				CLANG_WARN_STRICT_PROTOTYPES = YES;
				CLANG_WARN_SUSPICIOUS_MOVE = YES;
				CLANG_WARN_UNGUARDED_AVAILABILITY = YES_AGGRESSIVE;
				CLANG_WARN_UNREACHABLE_CODE = YES;
				CLANG_WARN__DUPLICATE_METHOD_MATCH = YES;
				COPY_PHASE_STRIP = NO;
				DEBUG_INFORMATION_FORMAT = "dwarf-with-dsym";
				ENABLE_NS_ASSERTIONS = NO;
				ENABLE_STRICT_OBJC_MSGSEND = YES;
				GCC_C_LANGUAGE_STANDARD = gnu11;
				GCC_NO_COMMON_BLOCKS = YES;
				GCC_WARN_64_TO_32_BIT_CONVERSION = YES;
				GCC_WARN_ABOUT_RETURN_TYPE = YES_ERROR;
				GCC_WARN_UNDECLARED_SELECTOR = YES;
				GCC_WARN_UNINITIALIZED_AUTOS = YES_AGGRESSIVE;
				GCC_WARN_UNUSED_FUNCTION = YES;
				GCC_WARN_UNUSED_VARIABLE = YES;
				IPHONEOS_DEPLOYMENT_TARGET = 14.5;
				MTL_ENABLE_DEBUG_INFO = NO;
				MTL_FAST_MATH = YES;
				SDKROOT = iphoneos;
				SWIFT_COMPILATION_MODE = wholemodule;
				SWIFT_OPTIMIZATION_LEVEL = "-O";
				VALIDATE_PRODUCT = YES;
			};
			name = Release;
		};
		EAD4F5B226A73C920057DF32 /* Debug */ = {
			isa = XCBuildConfiguration;
			baseConfigurationReference = A451239A6C2DB4F29DF5EC0E /* Pods-Stopwatch.debug.xcconfig */;
			buildSettings = {
				ASSETCATALOG_COMPILER_APPICON_NAME = AppIcon;
				ASSETCATALOG_COMPILER_GLOBAL_ACCENT_COLOR_NAME = AccentColor;
				CODE_SIGN_STYLE = Automatic;
				DEVELOPMENT_TEAM = 33S55UB24Q;
				FRAMEWORK_SEARCH_PATHS = "$(inherited)";
				HEADER_SEARCH_PATHS = "$(inherited)";
				INFOPLIST_FILE = Stopwatch/Info.plist;
				LD_RUNPATH_SEARCH_PATHS = (
					"$(inherited)",
					"@executable_path/Frameworks",
				);
				PRODUCT_BUNDLE_IDENTIFIER = com.marcovastolo.Stopwatch;
				PRODUCT_NAME = "$(TARGET_NAME)";
				SWIFT_VERSION = 5.0;
				TARGETED_DEVICE_FAMILY = 1;
			};
			name = Debug;
		};
		EAD4F5B326A73C920057DF32 /* Release */ = {
			isa = XCBuildConfiguration;
			baseConfigurationReference = 0F37B97EB0B3AFF7B6E602A3 /* Pods-Stopwatch.release.xcconfig */;
			buildSettings = {
				ASSETCATALOG_COMPILER_APPICON_NAME = AppIcon;
				ASSETCATALOG_COMPILER_GLOBAL_ACCENT_COLOR_NAME = AccentColor;
				CODE_SIGN_STYLE = Automatic;
				DEVELOPMENT_TEAM = 33S55UB24Q;
				FRAMEWORK_SEARCH_PATHS = "$(inherited)";
				HEADER_SEARCH_PATHS = "$(inherited)";
				INFOPLIST_FILE = Stopwatch/Info.plist;
				LD_RUNPATH_SEARCH_PATHS = (
					"$(inherited)",
					"@executable_path/Frameworks",
				);
				PRODUCT_BUNDLE_IDENTIFIER = com.marcovastolo.Stopwatch;
				PRODUCT_NAME = "$(TARGET_NAME)";
				SWIFT_VERSION = 5.0;
				TARGETED_DEVICE_FAMILY = 1;
			};
			name = Release;
		};
		EAD4F5B526A73C920057DF32 /* Debug */ = {
			isa = XCBuildConfiguration;
			baseConfigurationReference = 75B74C65215198A5031E0D03 /* Pods-StopwatchTests.debug.xcconfig */;
			buildSettings = {
				ALWAYS_EMBED_SWIFT_STANDARD_LIBRARIES = YES;
				BUNDLE_LOADER = "$(TEST_HOST)";
				CODE_SIGN_STYLE = Automatic;
				DEVELOPMENT_TEAM = QS42KTNBY3;
				INFOPLIST_FILE = StopwatchTests/Info.plist;
				IPHONEOS_DEPLOYMENT_TARGET = 14.5;
				LD_RUNPATH_SEARCH_PATHS = (
					"$(inherited)",
					"@executable_path/Frameworks",
					"@loader_path/Frameworks",
				);
				PRODUCT_BUNDLE_IDENTIFIER = com.marcovastolo.StopwatchTests;
				PRODUCT_NAME = "$(TARGET_NAME)";
				SWIFT_VERSION = 5.0;
				TARGETED_DEVICE_FAMILY = "1,2";
				TEST_HOST = "$(BUILT_PRODUCTS_DIR)/Stopwatch.app/Stopwatch";
			};
			name = Debug;
		};
		EAD4F5B626A73C920057DF32 /* Release */ = {
			isa = XCBuildConfiguration;
			baseConfigurationReference = 3872AF2AF83746650808190E /* Pods-StopwatchTests.release.xcconfig */;
			buildSettings = {
				ALWAYS_EMBED_SWIFT_STANDARD_LIBRARIES = YES;
				BUNDLE_LOADER = "$(TEST_HOST)";
				CODE_SIGN_STYLE = Automatic;
				DEVELOPMENT_TEAM = QS42KTNBY3;
				INFOPLIST_FILE = StopwatchTests/Info.plist;
				IPHONEOS_DEPLOYMENT_TARGET = 14.5;
				LD_RUNPATH_SEARCH_PATHS = (
					"$(inherited)",
					"@executable_path/Frameworks",
					"@loader_path/Frameworks",
				);
				PRODUCT_BUNDLE_IDENTIFIER = com.marcovastolo.StopwatchTests;
				PRODUCT_NAME = "$(TARGET_NAME)";
				SWIFT_VERSION = 5.0;
				TARGETED_DEVICE_FAMILY = "1,2";
				TEST_HOST = "$(BUILT_PRODUCTS_DIR)/Stopwatch.app/Stopwatch";
			};
			name = Release;
		};
		EAD4F5B826A73C920057DF32 /* Debug */ = {
			isa = XCBuildConfiguration;
			baseConfigurationReference = B40C8B121C46737A2F1FEE16 /* Pods-Stopwatch-StopwatchUITests.debug.xcconfig */;
			buildSettings = {
				ALWAYS_EMBED_SWIFT_STANDARD_LIBRARIES = YES;
				CODE_SIGN_STYLE = Automatic;
				DEVELOPMENT_TEAM = QS42KTNBY3;
				INFOPLIST_FILE = StopwatchUITests/Info.plist;
				LD_RUNPATH_SEARCH_PATHS = (
					"$(inherited)",
					"@executable_path/Frameworks",
					"@loader_path/Frameworks",
				);
				PRODUCT_BUNDLE_IDENTIFIER = com.marcovastolo.StopwatchUITests;
				PRODUCT_NAME = "$(TARGET_NAME)";
				SWIFT_VERSION = 5.0;
				TARGETED_DEVICE_FAMILY = "1,2";
				TEST_TARGET_NAME = Stopwatch;
			};
			name = Debug;
		};
		EAD4F5B926A73C920057DF32 /* Release */ = {
			isa = XCBuildConfiguration;
			baseConfigurationReference = 00D2A92B81975478F0A69662 /* Pods-Stopwatch-StopwatchUITests.release.xcconfig */;
			buildSettings = {
				ALWAYS_EMBED_SWIFT_STANDARD_LIBRARIES = YES;
				CODE_SIGN_STYLE = Automatic;
				DEVELOPMENT_TEAM = QS42KTNBY3;
				INFOPLIST_FILE = StopwatchUITests/Info.plist;
				LD_RUNPATH_SEARCH_PATHS = (
					"$(inherited)",
					"@executable_path/Frameworks",
					"@loader_path/Frameworks",
				);
				PRODUCT_BUNDLE_IDENTIFIER = com.marcovastolo.StopwatchUITests;
				PRODUCT_NAME = "$(TARGET_NAME)";
				SWIFT_VERSION = 5.0;
				TARGETED_DEVICE_FAMILY = "1,2";
				TEST_TARGET_NAME = Stopwatch;
			};
			name = Release;
		};
/* End XCBuildConfiguration section */

/* Begin XCConfigurationList section */
		EAD4F58226A73C900057DF32 /* Build configuration list for PBXProject "Stopwatch" */ = {
			isa = XCConfigurationList;
			buildConfigurations = (
				EAD4F5AF26A73C920057DF32 /* Debug */,
				EAD4F5B026A73C920057DF32 /* Release */,
			);
			defaultConfigurationIsVisible = 0;
			defaultConfigurationName = Release;
		};
		EAD4F5B126A73C920057DF32 /* Build configuration list for PBXNativeTarget "Stopwatch" */ = {
			isa = XCConfigurationList;
			buildConfigurations = (
				EAD4F5B226A73C920057DF32 /* Debug */,
				EAD4F5B326A73C920057DF32 /* Release */,
			);
			defaultConfigurationIsVisible = 0;
			defaultConfigurationName = Release;
		};
		EAD4F5B426A73C920057DF32 /* Build configuration list for PBXNativeTarget "StopwatchTests" */ = {
			isa = XCConfigurationList;
			buildConfigurations = (
				EAD4F5B526A73C920057DF32 /* Debug */,
				EAD4F5B626A73C920057DF32 /* Release */,
			);
			defaultConfigurationIsVisible = 0;
			defaultConfigurationName = Release;
		};
		EAD4F5B726A73C920057DF32 /* Build configuration list for PBXNativeTarget "StopwatchUITests" */ = {
			isa = XCConfigurationList;
			buildConfigurations = (
				EAD4F5B826A73C920057DF32 /* Debug */,
				EAD4F5B926A73C920057DF32 /* Release */,
			);
			defaultConfigurationIsVisible = 0;
			defaultConfigurationName = Release;
		};
/* End XCConfigurationList section */
	};
	rootObject = EAD4F57F26A73C900057DF32 /* Project object */;
}
